// !$*UTF8*$!
{
	archiveVersion = 1;
	classes = {
	};
	objectVersion = 50;
	objects = {

/* Begin PBXBuildFile section */
		553D601426EC807B005C74D5 /* GoogleService-Info.plist in Resources */ = {isa = PBXBuildFile; fileRef = 553D601326EC807B005C74D5 /* GoogleService-Info.plist */; };
		5560114526E6E7CB006006BD /* AppDelegate.swift in Sources */ = {isa = PBXBuildFile; fileRef = 5560114426E6E7CB006006BD /* AppDelegate.swift */; };
		5560114726E6E7CB006006BD /* SceneDelegate.swift in Sources */ = {isa = PBXBuildFile; fileRef = 5560114626E6E7CB006006BD /* SceneDelegate.swift */; };
		5560114926E6E7CB006006BD /* ViewController.swift in Sources */ = {isa = PBXBuildFile; fileRef = 5560114826E6E7CB006006BD /* ViewController.swift */; };
		5560114C26E6E7CB006006BD /* Main.storyboard in Resources */ = {isa = PBXBuildFile; fileRef = 5560114A26E6E7CB006006BD /* Main.storyboard */; };
		5560114E26E6E7CE006006BD /* Assets.xcassets in Resources */ = {isa = PBXBuildFile; fileRef = 5560114D26E6E7CE006006BD /* Assets.xcassets */; };
		5560115126E6E7CE006006BD /* LaunchScreen.storyboard in Resources */ = {isa = PBXBuildFile; fileRef = 5560114F26E6E7CE006006BD /* LaunchScreen.storyboard */; };
		5560115C26E6E7CE006006BD /* CupOfJoyTests.swift in Sources */ = {isa = PBXBuildFile; fileRef = 5560115B26E6E7CE006006BD /* CupOfJoyTests.swift */; };
		5560116726E6E7CE006006BD /* CupOfJoyUITests.swift in Sources */ = {isa = PBXBuildFile; fileRef = 5560116626E6E7CE006006BD /* CupOfJoyUITests.swift */; };
		5560117526E6F8BF006006BD /* EntryViewController.swift in Sources */ = {isa = PBXBuildFile; fileRef = 5560117426E6F8BF006006BD /* EntryViewController.swift */; };
		5560117926E6F900006006BD /* OrderViewController.swift in Sources */ = {isa = PBXBuildFile; fileRef = 5560117826E6F900006006BD /* OrderViewController.swift */; };
		8CDFC735D6055421340C37B8 /* Pods_CupOfJoyTests.framework in Frameworks */ = {isa = PBXBuildFile; fileRef = 5566766B00FE7284A756DCF3 /* Pods_CupOfJoyTests.framework */; };
		B0AAB74888094D53AED7EFBE /* Pods_CupOfJoy_CupOfJoyUITests.framework in Frameworks */ = {isa = PBXBuildFile; fileRef = 0240F49809A924514B28E8E7 /* Pods_CupOfJoy_CupOfJoyUITests.framework */; };
		BD815A70C539CB4598ADAF49 /* Pods_CupOfJoy.framework in Frameworks */ = {isa = PBXBuildFile; fileRef = BDD1A50EC593937CE5728588 /* Pods_CupOfJoy.framework */; };
/* End PBXBuildFile section */

/* Begin PBXContainerItemProxy section */
		5560115826E6E7CE006006BD /* PBXContainerItemProxy */ = {
			isa = PBXContainerItemProxy;
			containerPortal = 5560113926E6E7CB006006BD /* Project object */;
			proxyType = 1;
			remoteGlobalIDString = 5560114026E6E7CB006006BD;
			remoteInfo = CupOfJoy;
		};
		5560116326E6E7CE006006BD /* PBXContainerItemProxy */ = {
			isa = PBXContainerItemProxy;
			containerPortal = 5560113926E6E7CB006006BD /* Project object */;
			proxyType = 1;
			remoteGlobalIDString = 5560114026E6E7CB006006BD;
			remoteInfo = CupOfJoy;
		};
/* End PBXContainerItemProxy section */

/* Begin PBXFileReference section */
		0240F49809A924514B28E8E7 /* Pods_CupOfJoy_CupOfJoyUITests.framework */ = {isa = PBXFileReference; explicitFileType = wrapper.framework; includeInIndex = 0; path = Pods_CupOfJoy_CupOfJoyUITests.framework; sourceTree = BUILT_PRODUCTS_DIR; };
		0C1B169EDA3061FCC8429AC3 /* Pods-CupOfJoyTests.release.xcconfig */ = {isa = PBXFileReference; includeInIndex = 1; lastKnownFileType = text.xcconfig; name = "Pods-CupOfJoyTests.release.xcconfig"; path = "Target Support Files/Pods-CupOfJoyTests/Pods-CupOfJoyTests.release.xcconfig"; sourceTree = "<group>"; };
		2033FD76F5DCA3737B8DE725 /* Pods-CupOfJoy.debug.xcconfig */ = {isa = PBXFileReference; includeInIndex = 1; lastKnownFileType = text.xcconfig; name = "Pods-CupOfJoy.debug.xcconfig"; path = "Target Support Files/Pods-CupOfJoy/Pods-CupOfJoy.debug.xcconfig"; sourceTree = "<group>"; };
		5477FEE9FD10A33471A964B7 /* Pods-CupOfJoyTests.debug.xcconfig */ = {isa = PBXFileReference; includeInIndex = 1; lastKnownFileType = text.xcconfig; name = "Pods-CupOfJoyTests.debug.xcconfig"; path = "Target Support Files/Pods-CupOfJoyTests/Pods-CupOfJoyTests.debug.xcconfig"; sourceTree = "<group>"; };
		553D601326EC807B005C74D5 /* GoogleService-Info.plist */ = {isa = PBXFileReference; fileEncoding = 4; lastKnownFileType = text.plist.xml; name = "GoogleService-Info.plist"; path = "../../GoogleService-Info.plist"; sourceTree = "<group>"; };
		5560114126E6E7CB006006BD /* CupOfJoy.app */ = {isa = PBXFileReference; explicitFileType = wrapper.application; includeInIndex = 0; path = CupOfJoy.app; sourceTree = BUILT_PRODUCTS_DIR; };
		5560114426E6E7CB006006BD /* AppDelegate.swift */ = {isa = PBXFileReference; lastKnownFileType = sourcecode.swift; path = AppDelegate.swift; sourceTree = "<group>"; };
		5560114626E6E7CB006006BD /* SceneDelegate.swift */ = {isa = PBXFileReference; lastKnownFileType = sourcecode.swift; path = SceneDelegate.swift; sourceTree = "<group>"; };
		5560114826E6E7CB006006BD /* ViewController.swift */ = {isa = PBXFileReference; lastKnownFileType = sourcecode.swift; path = ViewController.swift; sourceTree = "<group>"; };
		5560114B26E6E7CB006006BD /* Base */ = {isa = PBXFileReference; lastKnownFileType = file.storyboard; name = Base; path = Base.lproj/Main.storyboard; sourceTree = "<group>"; };
		5560114D26E6E7CE006006BD /* Assets.xcassets */ = {isa = PBXFileReference; lastKnownFileType = folder.assetcatalog; path = Assets.xcassets; sourceTree = "<group>"; };
		5560115026E6E7CE006006BD /* Base */ = {isa = PBXFileReference; lastKnownFileType = file.storyboard; name = Base; path = Base.lproj/LaunchScreen.storyboard; sourceTree = "<group>"; };
		5560115226E6E7CE006006BD /* Info.plist */ = {isa = PBXFileReference; lastKnownFileType = text.plist.xml; path = Info.plist; sourceTree = "<group>"; };
		5560115726E6E7CE006006BD /* CupOfJoyTests.xctest */ = {isa = PBXFileReference; explicitFileType = wrapper.cfbundle; includeInIndex = 0; path = CupOfJoyTests.xctest; sourceTree = BUILT_PRODUCTS_DIR; };
		5560115B26E6E7CE006006BD /* CupOfJoyTests.swift */ = {isa = PBXFileReference; lastKnownFileType = sourcecode.swift; path = CupOfJoyTests.swift; sourceTree = "<group>"; };
		5560115D26E6E7CE006006BD /* Info.plist */ = {isa = PBXFileReference; lastKnownFileType = text.plist.xml; path = Info.plist; sourceTree = "<group>"; };
		5560116226E6E7CE006006BD /* CupOfJoyUITests.xctest */ = {isa = PBXFileReference; explicitFileType = wrapper.cfbundle; includeInIndex = 0; path = CupOfJoyUITests.xctest; sourceTree = BUILT_PRODUCTS_DIR; };
		5560116626E6E7CE006006BD /* CupOfJoyUITests.swift */ = {isa = PBXFileReference; lastKnownFileType = sourcecode.swift; path = CupOfJoyUITests.swift; sourceTree = "<group>"; };
		5560116826E6E7CE006006BD /* Info.plist */ = {isa = PBXFileReference; lastKnownFileType = text.plist.xml; path = Info.plist; sourceTree = "<group>"; };
		5560117426E6F8BF006006BD /* EntryViewController.swift */ = {isa = PBXFileReference; lastKnownFileType = sourcecode.swift; path = EntryViewController.swift; sourceTree = "<group>"; };
		5560117826E6F900006006BD /* OrderViewController.swift */ = {isa = PBXFileReference; lastKnownFileType = sourcecode.swift; path = OrderViewController.swift; sourceTree = "<group>"; };
		5566766B00FE7284A756DCF3 /* Pods_CupOfJoyTests.framework */ = {isa = PBXFileReference; explicitFileType = wrapper.framework; includeInIndex = 0; path = Pods_CupOfJoyTests.framework; sourceTree = BUILT_PRODUCTS_DIR; };
		75B2C791F66D7D28A46713FF /* Pods-CupOfJoy-CupOfJoyUITests.debug.xcconfig */ = {isa = PBXFileReference; includeInIndex = 1; lastKnownFileType = text.xcconfig; name = "Pods-CupOfJoy-CupOfJoyUITests.debug.xcconfig"; path = "Target Support Files/Pods-CupOfJoy-CupOfJoyUITests/Pods-CupOfJoy-CupOfJoyUITests.debug.xcconfig"; sourceTree = "<group>"; };
		7691BE60891773AD4D216D1E /* Pods-CupOfJoy-CupOfJoyUITests.release.xcconfig */ = {isa = PBXFileReference; includeInIndex = 1; lastKnownFileType = text.xcconfig; name = "Pods-CupOfJoy-CupOfJoyUITests.release.xcconfig"; path = "Target Support Files/Pods-CupOfJoy-CupOfJoyUITests/Pods-CupOfJoy-CupOfJoyUITests.release.xcconfig"; sourceTree = "<group>"; };
		BDD1A50EC593937CE5728588 /* Pods_CupOfJoy.framework */ = {isa = PBXFileReference; explicitFileType = wrapper.framework; includeInIndex = 0; path = Pods_CupOfJoy.framework; sourceTree = BUILT_PRODUCTS_DIR; };
		D0A1253AD56E57E98C77B61D /* Pods-CupOfJoy.release.xcconfig */ = {isa = PBXFileReference; includeInIndex = 1; lastKnownFileType = text.xcconfig; name = "Pods-CupOfJoy.release.xcconfig"; path = "Target Support Files/Pods-CupOfJoy/Pods-CupOfJoy.release.xcconfig"; sourceTree = "<group>"; };
/* End PBXFileReference section */

/* Begin PBXFrameworksBuildPhase section */
		5560113E26E6E7CB006006BD /* Frameworks */ = {
			isa = PBXFrameworksBuildPhase;
			buildActionMask = 2147483647;
			files = (
				BD815A70C539CB4598ADAF49 /* Pods_CupOfJoy.framework in Frameworks */,
			);
			runOnlyForDeploymentPostprocessing = 0;
		};
		5560115426E6E7CE006006BD /* Frameworks */ = {
			isa = PBXFrameworksBuildPhase;
			buildActionMask = 2147483647;
			files = (
				8CDFC735D6055421340C37B8 /* Pods_CupOfJoyTests.framework in Frameworks */,
			);
			runOnlyForDeploymentPostprocessing = 0;
		};
		5560115F26E6E7CE006006BD /* Frameworks */ = {
			isa = PBXFrameworksBuildPhase;
			buildActionMask = 2147483647;
			files = (
				B0AAB74888094D53AED7EFBE /* Pods_CupOfJoy_CupOfJoyUITests.framework in Frameworks */,
			);
			runOnlyForDeploymentPostprocessing = 0;
		};
/* End PBXFrameworksBuildPhase section */

/* Begin PBXGroup section */
		5560113826E6E7CB006006BD = {
			isa = PBXGroup;
			children = (
				5560114326E6E7CB006006BD /* CupOfJoy */,
				5560115A26E6E7CE006006BD /* CupOfJoyTests */,
				5560116526E6E7CE006006BD /* CupOfJoyUITests */,
				5560114226E6E7CB006006BD /* Products */,
				B1E2ADB8B3398EBB5F4C44EE /* Pods */,
				C38933E053081613A5F0F31A /* Frameworks */,
			);
			sourceTree = "<group>";
		};
		5560114226E6E7CB006006BD /* Products */ = {
			isa = PBXGroup;
			children = (
				5560114126E6E7CB006006BD /* CupOfJoy.app */,
				5560115726E6E7CE006006BD /* CupOfJoyTests.xctest */,
				5560116226E6E7CE006006BD /* CupOfJoyUITests.xctest */,
			);
			name = Products;
			sourceTree = "<group>";
		};
		5560114326E6E7CB006006BD /* CupOfJoy */ = {
			isa = PBXGroup;
			children = (
				553D601326EC807B005C74D5 /* GoogleService-Info.plist */,
				5560114426E6E7CB006006BD /* AppDelegate.swift */,
				5560114626E6E7CB006006BD /* SceneDelegate.swift */,
				5560114826E6E7CB006006BD /* ViewController.swift */,
				5560114A26E6E7CB006006BD /* Main.storyboard */,
				5560114D26E6E7CE006006BD /* Assets.xcassets */,
				5560114F26E6E7CE006006BD /* LaunchScreen.storyboard */,
				5560115226E6E7CE006006BD /* Info.plist */,
				5560117426E6F8BF006006BD /* EntryViewController.swift */,
				5560117826E6F900006006BD /* OrderViewController.swift */,
			);
			path = CupOfJoy;
			sourceTree = "<group>";
		};
		5560115A26E6E7CE006006BD /* CupOfJoyTests */ = {
			isa = PBXGroup;
			children = (
				5560115B26E6E7CE006006BD /* CupOfJoyTests.swift */,
				5560115D26E6E7CE006006BD /* Info.plist */,
			);
			path = CupOfJoyTests;
			sourceTree = "<group>";
		};
		5560116526E6E7CE006006BD /* CupOfJoyUITests */ = {
			isa = PBXGroup;
			children = (
				5560116626E6E7CE006006BD /* CupOfJoyUITests.swift */,
				5560116826E6E7CE006006BD /* Info.plist */,
			);
			path = CupOfJoyUITests;
			sourceTree = "<group>";
		};
		B1E2ADB8B3398EBB5F4C44EE /* Pods */ = {
			isa = PBXGroup;
			children = (
				2033FD76F5DCA3737B8DE725 /* Pods-CupOfJoy.debug.xcconfig */,
				D0A1253AD56E57E98C77B61D /* Pods-CupOfJoy.release.xcconfig */,
				75B2C791F66D7D28A46713FF /* Pods-CupOfJoy-CupOfJoyUITests.debug.xcconfig */,
				7691BE60891773AD4D216D1E /* Pods-CupOfJoy-CupOfJoyUITests.release.xcconfig */,
				5477FEE9FD10A33471A964B7 /* Pods-CupOfJoyTests.debug.xcconfig */,
				0C1B169EDA3061FCC8429AC3 /* Pods-CupOfJoyTests.release.xcconfig */,
			);
			name = Pods;
			path = Pods;
			sourceTree = "<group>";
		};
		C38933E053081613A5F0F31A /* Frameworks */ = {
			isa = PBXGroup;
			children = (
				BDD1A50EC593937CE5728588 /* Pods_CupOfJoy.framework */,
				0240F49809A924514B28E8E7 /* Pods_CupOfJoy_CupOfJoyUITests.framework */,
				5566766B00FE7284A756DCF3 /* Pods_CupOfJoyTests.framework */,
			);
			name = Frameworks;
			sourceTree = "<group>";
		};
/* End PBXGroup section */

/* Begin PBXNativeTarget section */
		5560114026E6E7CB006006BD /* CupOfJoy */ = {
			isa = PBXNativeTarget;
			buildConfigurationList = 5560116B26E6E7CE006006BD /* Build configuration list for PBXNativeTarget "CupOfJoy" */;
			buildPhases = (
				8387247CE50370C29EE08FB4 /* [CP] Check Pods Manifest.lock */,
				5560113D26E6E7CB006006BD /* Sources */,
				5560113E26E6E7CB006006BD /* Frameworks */,
				5560113F26E6E7CB006006BD /* Resources */,
				E51FEDA8040CA40783E49F71 /* [CP] Embed Pods Frameworks */,
			);
			buildRules = (
			);
			dependencies = (
			);
			name = CupOfJoy;
			productName = CupOfJoy;
			productReference = 5560114126E6E7CB006006BD /* CupOfJoy.app */;
			productType = "com.apple.product-type.application";
		};
		5560115626E6E7CE006006BD /* CupOfJoyTests */ = {
			isa = PBXNativeTarget;
			buildConfigurationList = 5560116E26E6E7CE006006BD /* Build configuration list for PBXNativeTarget "CupOfJoyTests" */;
			buildPhases = (
				CE13D178E41E0C37E99459B9 /* [CP] Check Pods Manifest.lock */,
				5560115326E6E7CE006006BD /* Sources */,
				5560115426E6E7CE006006BD /* Frameworks */,
				5560115526E6E7CE006006BD /* Resources */,
			);
			buildRules = (
			);
			dependencies = (
				5560115926E6E7CE006006BD /* PBXTargetDependency */,
			);
			name = CupOfJoyTests;
			productName = CupOfJoyTests;
			productReference = 5560115726E6E7CE006006BD /* CupOfJoyTests.xctest */;
			productType = "com.apple.product-type.bundle.unit-test";
		};
		5560116126E6E7CE006006BD /* CupOfJoyUITests */ = {
			isa = PBXNativeTarget;
			buildConfigurationList = 5560117126E6E7CE006006BD /* Build configuration list for PBXNativeTarget "CupOfJoyUITests" */;
			buildPhases = (
				F98971753335F162473A2773 /* [CP] Check Pods Manifest.lock */,
				5560115E26E6E7CE006006BD /* Sources */,
				5560115F26E6E7CE006006BD /* Frameworks */,
				5560116026E6E7CE006006BD /* Resources */,
				06172636C189F0E5FF51CD7C /* [CP] Embed Pods Frameworks */,
			);
			buildRules = (
			);
			dependencies = (
				5560116426E6E7CE006006BD /* PBXTargetDependency */,
			);
			name = CupOfJoyUITests;
			productName = CupOfJoyUITests;
			productReference = 5560116226E6E7CE006006BD /* CupOfJoyUITests.xctest */;
			productType = "com.apple.product-type.bundle.ui-testing";
		};
/* End PBXNativeTarget section */

/* Begin PBXProject section */
		5560113926E6E7CB006006BD /* Project object */ = {
			isa = PBXProject;
			attributes = {
				LastSwiftUpdateCheck = 1250;
				LastUpgradeCheck = 1250;
				TargetAttributes = {
					5560114026E6E7CB006006BD = {
						CreatedOnToolsVersion = 12.5.1;
					};
					5560115626E6E7CE006006BD = {
						CreatedOnToolsVersion = 12.5.1;
						TestTargetID = 5560114026E6E7CB006006BD;
					};
					5560116126E6E7CE006006BD = {
						CreatedOnToolsVersion = 12.5.1;
						TestTargetID = 5560114026E6E7CB006006BD;
					};
				};
			};
			buildConfigurationList = 5560113C26E6E7CB006006BD /* Build configuration list for PBXProject "CupOfJoy" */;
			compatibilityVersion = "Xcode 9.3";
			developmentRegion = en;
			hasScannedForEncodings = 0;
			knownRegions = (
				en,
				Base,
			);
			mainGroup = 5560113826E6E7CB006006BD;
			productRefGroup = 5560114226E6E7CB006006BD /* Products */;
			projectDirPath = "";
			projectRoot = "";
			targets = (
				5560114026E6E7CB006006BD /* CupOfJoy */,
				5560115626E6E7CE006006BD /* CupOfJoyTests */,
				5560116126E6E7CE006006BD /* CupOfJoyUITests */,
			);
		};
/* End PBXProject section */

/* Begin PBXResourcesBuildPhase section */
		5560113F26E6E7CB006006BD /* Resources */ = {
			isa = PBXResourcesBuildPhase;
			buildActionMask = 2147483647;
			files = (
				5560115126E6E7CE006006BD /* LaunchScreen.storyboard in Resources */,
				553D601426EC807B005C74D5 /* GoogleService-Info.plist in Resources */,
				5560114E26E6E7CE006006BD /* Assets.xcassets in Resources */,
				5560114C26E6E7CB006006BD /* Main.storyboard in Resources */,
			);
			runOnlyForDeploymentPostprocessing = 0;
		};
		5560115526E6E7CE006006BD /* Resources */ = {
			isa = PBXResourcesBuildPhase;
			buildActionMask = 2147483647;
			files = (
			);
			runOnlyForDeploymentPostprocessing = 0;
		};
		5560116026E6E7CE006006BD /* Resources */ = {
			isa = PBXResourcesBuildPhase;
			buildActionMask = 2147483647;
			files = (
			);
			runOnlyForDeploymentPostprocessing = 0;
		};
/* End PBXResourcesBuildPhase section */

/* Begin PBXShellScriptBuildPhase section */
		06172636C189F0E5FF51CD7C /* [CP] Embed Pods Frameworks */ = {
			isa = PBXShellScriptBuildPhase;
			buildActionMask = 2147483647;
			files = (
			);
			inputFileListPaths = (
				"${PODS_ROOT}/Target Support Files/Pods-CupOfJoy-CupOfJoyUITests/Pods-CupOfJoy-CupOfJoyUITests-frameworks-${CONFIGURATION}-input-files.xcfilelist",
			);
			name = "[CP] Embed Pods Frameworks";
			outputFileListPaths = (
				"${PODS_ROOT}/Target Support Files/Pods-CupOfJoy-CupOfJoyUITests/Pods-CupOfJoy-CupOfJoyUITests-frameworks-${CONFIGURATION}-output-files.xcfilelist",
			);
			runOnlyForDeploymentPostprocessing = 0;
			shellPath = /bin/sh;
			shellScript = "\"${PODS_ROOT}/Target Support Files/Pods-CupOfJoy-CupOfJoyUITests/Pods-CupOfJoy-CupOfJoyUITests-frameworks.sh\"\n";
			showEnvVarsInLog = 0;
		};
		8387247CE50370C29EE08FB4 /* [CP] Check Pods Manifest.lock */ = {
			isa = PBXShellScriptBuildPhase;
			buildActionMask = 2147483647;
			files = (
			);
			inputFileListPaths = (
			);
			inputPaths = (
				"${PODS_PODFILE_DIR_PATH}/Podfile.lock",
				"${PODS_ROOT}/Manifest.lock",
			);
			name = "[CP] Check Pods Manifest.lock";
			outputFileListPaths = (
			);
			outputPaths = (
				"$(DERIVED_FILE_DIR)/Pods-CupOfJoy-checkManifestLockResult.txt",
			);
			runOnlyForDeploymentPostprocessing = 0;
			shellPath = /bin/sh;
			shellScript = "diff \"${PODS_PODFILE_DIR_PATH}/Podfile.lock\" \"${PODS_ROOT}/Manifest.lock\" > /dev/null\nif [ $? != 0 ] ; then\n    # print error to STDERR\n    echo \"error: The sandbox is not in sync with the Podfile.lock. Run 'pod install' or update your CocoaPods installation.\" >&2\n    exit 1\nfi\n# This output is used by Xcode 'outputs' to avoid re-running this script phase.\necho \"SUCCESS\" > \"${SCRIPT_OUTPUT_FILE_0}\"\n";
			showEnvVarsInLog = 0;
		};
		CE13D178E41E0C37E99459B9 /* [CP] Check Pods Manifest.lock */ = {
			isa = PBXShellScriptBuildPhase;
			buildActionMask = 2147483647;
			files = (
			);
			inputFileListPaths = (
			);
			inputPaths = (
				"${PODS_PODFILE_DIR_PATH}/Podfile.lock",
				"${PODS_ROOT}/Manifest.lock",
			);
			name = "[CP] Check Pods Manifest.lock";
			outputFileListPaths = (
			);
			outputPaths = (
				"$(DERIVED_FILE_DIR)/Pods-CupOfJoyTests-checkManifestLockResult.txt",
			);
			runOnlyForDeploymentPostprocessing = 0;
			shellPath = /bin/sh;
			shellScript = "diff \"${PODS_PODFILE_DIR_PATH}/Podfile.lock\" \"${PODS_ROOT}/Manifest.lock\" > /dev/null\nif [ $? != 0 ] ; then\n    # print error to STDERR\n    echo \"error: The sandbox is not in sync with the Podfile.lock. Run 'pod install' or update your CocoaPods installation.\" >&2\n    exit 1\nfi\n# This output is used by Xcode 'outputs' to avoid re-running this script phase.\necho \"SUCCESS\" > \"${SCRIPT_OUTPUT_FILE_0}\"\n";
			showEnvVarsInLog = 0;
		};
		E51FEDA8040CA40783E49F71 /* [CP] Embed Pods Frameworks */ = {
			isa = PBXShellScriptBuildPhase;
			buildActionMask = 2147483647;
			files = (
			);
			inputFileListPaths = (
				"${PODS_ROOT}/Target Support Files/Pods-CupOfJoy/Pods-CupOfJoy-frameworks-${CONFIGURATION}-input-files.xcfilelist",
			);
			name = "[CP] Embed Pods Frameworks";
			outputFileListPaths = (
				"${PODS_ROOT}/Target Support Files/Pods-CupOfJoy/Pods-CupOfJoy-frameworks-${CONFIGURATION}-output-files.xcfilelist",
			);
			runOnlyForDeploymentPostprocessing = 0;
			shellPath = /bin/sh;
			shellScript = "\"${PODS_ROOT}/Target Support Files/Pods-CupOfJoy/Pods-CupOfJoy-frameworks.sh\"\n";
			showEnvVarsInLog = 0;
		};
		F98971753335F162473A2773 /* [CP] Check Pods Manifest.lock */ = {
			isa = PBXShellScriptBuildPhase;
			buildActionMask = 2147483647;
			files = (
			);
			inputFileListPaths = (
			);
			inputPaths = (
				"${PODS_PODFILE_DIR_PATH}/Podfile.lock",
				"${PODS_ROOT}/Manifest.lock",
			);
			name = "[CP] Check Pods Manifest.lock";
			outputFileListPaths = (
			);
			outputPaths = (
				"$(DERIVED_FILE_DIR)/Pods-CupOfJoy-CupOfJoyUITests-checkManifestLockResult.txt",
			);
			runOnlyForDeploymentPostprocessing = 0;
			shellPath = /bin/sh;
			shellScript = "diff \"${PODS_PODFILE_DIR_PATH}/Podfile.lock\" \"${PODS_ROOT}/Manifest.lock\" > /dev/null\nif [ $? != 0 ] ; then\n    # print error to STDERR\n    echo \"error: The sandbox is not in sync with the Podfile.lock. Run 'pod install' or update your CocoaPods installation.\" >&2\n    exit 1\nfi\n# This output is used by Xcode 'outputs' to avoid re-running this script phase.\necho \"SUCCESS\" > \"${SCRIPT_OUTPUT_FILE_0}\"\n";
			showEnvVarsInLog = 0;
		};
/* End PBXShellScriptBuildPhase section */

/* Begin PBXSourcesBuildPhase section */
		5560113D26E6E7CB006006BD /* Sources */ = {
			isa = PBXSourcesBuildPhase;
			buildActionMask = 2147483647;
			files = (
				5560114926E6E7CB006006BD /* ViewController.swift in Sources */,
				5560117926E6F900006006BD /* OrderViewController.swift in Sources */,
				5560117526E6F8BF006006BD /* EntryViewController.swift in Sources */,
				5560114526E6E7CB006006BD /* AppDelegate.swift in Sources */,
				5560114726E6E7CB006006BD /* SceneDelegate.swift in Sources */,
			);
			runOnlyForDeploymentPostprocessing = 0;
		};
		5560115326E6E7CE006006BD /* Sources */ = {
			isa = PBXSourcesBuildPhase;
			buildActionMask = 2147483647;
			files = (
				5560115C26E6E7CE006006BD /* CupOfJoyTests.swift in Sources */,
			);
			runOnlyForDeploymentPostprocessing = 0;
		};
		5560115E26E6E7CE006006BD /* Sources */ = {
			isa = PBXSourcesBuildPhase;
			buildActionMask = 2147483647;
			files = (
				5560116726E6E7CE006006BD /* CupOfJoyUITests.swift in Sources */,
			);
			runOnlyForDeploymentPostprocessing = 0;
		};
/* End PBXSourcesBuildPhase section */

/* Begin PBXTargetDependency section */
		5560115926E6E7CE006006BD /* PBXTargetDependency */ = {
			isa = PBXTargetDependency;
			target = 5560114026E6E7CB006006BD /* CupOfJoy */;
			targetProxy = 5560115826E6E7CE006006BD /* PBXContainerItemProxy */;
		};
		5560116426E6E7CE006006BD /* PBXTargetDependency */ = {
			isa = PBXTargetDependency;
			target = 5560114026E6E7CB006006BD /* CupOfJoy */;
			targetProxy = 5560116326E6E7CE006006BD /* PBXContainerItemProxy */;
		};
/* End PBXTargetDependency section */

/* Begin PBXVariantGroup section */
		5560114A26E6E7CB006006BD /* Main.storyboard */ = {
			isa = PBXVariantGroup;
			children = (
				5560114B26E6E7CB006006BD /* Base */,
			);
			name = Main.storyboard;
			sourceTree = "<group>";
		};
		5560114F26E6E7CE006006BD /* LaunchScreen.storyboard */ = {
			isa = PBXVariantGroup;
			children = (
				5560115026E6E7CE006006BD /* Base */,
			);
			name = LaunchScreen.storyboard;
			sourceTree = "<group>";
		};
/* End PBXVariantGroup section */

/* Begin XCBuildConfiguration section */
		5560116926E6E7CE006006BD /* Debug */ = {
			isa = XCBuildConfiguration;
			buildSettings = {
				ALWAYS_SEARCH_USER_PATHS = NO;
				CLANG_ANALYZER_NONNULL = YES;
				CLANG_ANALYZER_NUMBER_OBJECT_CONVERSION = YES_AGGRESSIVE;
				CLANG_CXX_LANGUAGE_STANDARD = "gnu++14";
				CLANG_CXX_LIBRARY = "libc++";
				CLANG_ENABLE_MODULES = YES;
				CLANG_ENABLE_OBJC_ARC = YES;
				CLANG_ENABLE_OBJC_WEAK = YES;
				CLANG_WARN_BLOCK_CAPTURE_AUTORELEASING = YES;
				CLANG_WARN_BOOL_CONVERSION = YES;
				CLANG_WARN_COMMA = YES;
				CLANG_WARN_CONSTANT_CONVERSION = YES;
				CLANG_WARN_DEPRECATED_OBJC_IMPLEMENTATIONS = YES;
				CLANG_WARN_DIRECT_OBJC_ISA_USAGE = YES_ERROR;
				CLANG_WARN_DOCUMENTATION_COMMENTS = YES;
				CLANG_WARN_EMPTY_BODY = YES;
				CLANG_WARN_ENUM_CONVERSION = YES;
				CLANG_WARN_INFINITE_RECURSION = YES;
				CLANG_WARN_INT_CONVERSION = YES;
				CLANG_WARN_NON_LITERAL_NULL_CONVERSION = YES;
				CLANG_WARN_OBJC_IMPLICIT_RETAIN_SELF = YES;
				CLANG_WARN_OBJC_LITERAL_CONVERSION = YES;
				CLANG_WARN_OBJC_ROOT_CLASS = YES_ERROR;
				CLANG_WARN_QUOTED_INCLUDE_IN_FRAMEWORK_HEADER = YES;
				CLANG_WARN_RANGE_LOOP_ANALYSIS = YES;
				CLANG_WARN_STRICT_PROTOTYPES = YES;
				CLANG_WARN_SUSPICIOUS_MOVE = YES;
				CLANG_WARN_UNGUARDED_AVAILABILITY = YES_AGGRESSIVE;
				CLANG_WARN_UNREACHABLE_CODE = YES;
				CLANG_WARN__DUPLICATE_METHOD_MATCH = YES;
				COPY_PHASE_STRIP = NO;
				DEBUG_INFORMATION_FORMAT = dwarf;
				ENABLE_STRICT_OBJC_MSGSEND = YES;
				ENABLE_TESTABILITY = YES;
				GCC_C_LANGUAGE_STANDARD = gnu11;
				GCC_DYNAMIC_NO_PIC = NO;
				GCC_NO_COMMON_BLOCKS = YES;
				GCC_OPTIMIZATION_LEVEL = 0;
				GCC_PREPROCESSOR_DEFINITIONS = (
					"DEBUG=1",
					"$(inherited)",
				);
				GCC_WARN_64_TO_32_BIT_CONVERSION = YES;
				GCC_WARN_ABOUT_RETURN_TYPE = YES_ERROR;
				GCC_WARN_UNDECLARED_SELECTOR = YES;
				GCC_WARN_UNINITIALIZED_AUTOS = YES_AGGRESSIVE;
				GCC_WARN_UNUSED_FUNCTION = YES;
				GCC_WARN_UNUSED_VARIABLE = YES;
				IPHONEOS_DEPLOYMENT_TARGET = 14.5;
				MTL_ENABLE_DEBUG_INFO = INCLUDE_SOURCE;
				MTL_FAST_MATH = YES;
				ONLY_ACTIVE_ARCH = YES;
				SDKROOT = iphoneos;
				SWIFT_ACTIVE_COMPILATION_CONDITIONS = DEBUG;
				SWIFT_OPTIMIZATION_LEVEL = "-Onone";
			};
			name = Debug;
		};
		5560116A26E6E7CE006006BD /* Release */ = {
			isa = XCBuildConfiguration;
			buildSettings = {
				ALWAYS_SEARCH_USER_PATHS = NO;
				CLANG_ANALYZER_NONNULL = YES;
				CLANG_ANALYZER_NUMBER_OBJECT_CONVERSION = YES_AGGRESSIVE;
				CLANG_CXX_LANGUAGE_STANDARD = "gnu++14";
				CLANG_CXX_LIBRARY = "libc++";
				CLANG_ENABLE_MODULES = YES;
				CLANG_ENABLE_OBJC_ARC = YES;
				CLANG_ENABLE_OBJC_WEAK = YES;
				CLANG_WARN_BLOCK_CAPTURE_AUTORELEASING = YES;
				CLANG_WARN_BOOL_CONVERSION = YES;
				CLANG_WARN_COMMA = YES;
				CLANG_WARN_CONSTANT_CONVERSION = YES;
				CLANG_WARN_DEPRECATED_OBJC_IMPLEMENTATIONS = YES;
				CLANG_WARN_DIRECT_OBJC_ISA_USAGE = YES_ERROR;
				CLANG_WARN_DOCUMENTATION_COMMENTS = YES;
				CLANG_WARN_EMPTY_BODY = YES;
				CLANG_WARN_ENUM_CONVERSION = YES;
				CLANG_WARN_INFINITE_RECURSION = YES;
				CLANG_WARN_INT_CONVERSION = YES;
				CLANG_WARN_NON_LITERAL_NULL_CONVERSION = YES;
				CLANG_WARN_OBJC_IMPLICIT_RETAIN_SELF = YES;
				CLANG_WARN_OBJC_LITERAL_CONVERSION = YES;
				CLANG_WARN_OBJC_ROOT_CLASS = YES_ERROR;
				CLANG_WARN_QUOTED_INCLUDE_IN_FRAMEWORK_HEADER = YES;
				CLANG_WARN_RANGE_LOOP_ANALYSIS = YES;
				CLANG_WARN_STRICT_PROTOTYPES = YES;
				CLANG_WARN_SUSPICIOUS_MOVE = YES;
				CLANG_WARN_UNGUARDED_AVAILABILITY = YES_AGGRESSIVE;
				CLANG_WARN_UNREACHABLE_CODE = YES;
				CLANG_WARN__DUPLICATE_METHOD_MATCH = YES;
				COPY_PHASE_STRIP = NO;
				DEBUG_INFORMATION_FORMAT = "dwarf-with-dsym";
				ENABLE_NS_ASSERTIONS = NO;
				ENABLE_STRICT_OBJC_MSGSEND = YES;
				GCC_C_LANGUAGE_STANDARD = gnu11;
				GCC_NO_COMMON_BLOCKS = YES;
				GCC_WARN_64_TO_32_BIT_CONVERSION = YES;
				GCC_WARN_ABOUT_RETURN_TYPE = YES_ERROR;
				GCC_WARN_UNDECLARED_SELECTOR = YES;
				GCC_WARN_UNINITIALIZED_AUTOS = YES_AGGRESSIVE;
				GCC_WARN_UNUSED_FUNCTION = YES;
				GCC_WARN_UNUSED_VARIABLE = YES;
				IPHONEOS_DEPLOYMENT_TARGET = 14.5;
				MTL_ENABLE_DEBUG_INFO = NO;
				MTL_FAST_MATH = YES;
				SDKROOT = iphoneos;
				SWIFT_COMPILATION_MODE = wholemodule;
				SWIFT_OPTIMIZATION_LEVEL = "-O";
				VALIDATE_PRODUCT = YES;
			};
			name = Release;
		};
		5560116C26E6E7CE006006BD /* Debug */ = {
			isa = XCBuildConfiguration;
			baseConfigurationReference = 2033FD76F5DCA3737B8DE725 /* Pods-CupOfJoy.debug.xcconfig */;
			buildSettings = {
				ASSETCATALOG_COMPILER_APPICON_NAME = AppIcon;
				ASSETCATALOG_COMPILER_GLOBAL_ACCENT_COLOR_NAME = AccentColor;
				CODE_SIGN_STYLE = Automatic;
				DEVELOPMENT_TEAM = D5CH9Q64WC;
				INFOPLIST_FILE = CupOfJoy/Info.plist;
				LD_RUNPATH_SEARCH_PATHS = (
					"$(inherited)",
					"@executable_path/Frameworks",
				);
				PRODUCT_BUNDLE_IDENTIFIER = cs4621.CupOfJoy;
				PRODUCT_NAME = "$(TARGET_NAME)";
				SWIFT_VERSION = 5.0;
				TARGETED_DEVICE_FAMILY = "1,2";
			};
			name = Debug;
		};
		5560116D26E6E7CE006006BD /* Release */ = {
			isa = XCBuildConfiguration;
			baseConfigurationReference = D0A1253AD56E57E98C77B61D /* Pods-CupOfJoy.release.xcconfig */;
			buildSettings = {
				ASSETCATALOG_COMPILER_APPICON_NAME = AppIcon;
				ASSETCATALOG_COMPILER_GLOBAL_ACCENT_COLOR_NAME = AccentColor;
				CODE_SIGN_STYLE = Automatic;
				DEVELOPMENT_TEAM = D5CH9Q64WC;
				INFOPLIST_FILE = CupOfJoy/Info.plist;
				LD_RUNPATH_SEARCH_PATHS = (
					"$(inherited)",
					"@executable_path/Frameworks",
				);
				PRODUCT_BUNDLE_IDENTIFIER = cs4621.CupOfJoy;
				PRODUCT_NAME = "$(TARGET_NAME)";
				SWIFT_VERSION = 5.0;
				TARGETED_DEVICE_FAMILY = "1,2";
			};
			name = Release;
		};
		5560116F26E6E7CE006006BD /* Debug */ = {
			isa = XCBuildConfiguration;
			baseConfigurationReference = 5477FEE9FD10A33471A964B7 /* Pods-CupOfJoyTests.debug.xcconfig */;
			buildSettings = {
				ALWAYS_EMBED_SWIFT_STANDARD_LIBRARIES = YES;
				BUNDLE_LOADER = "$(TEST_HOST)";
				CODE_SIGN_STYLE = Automatic;
				DEVELOPMENT_TEAM = D5CH9Q64WC;
				INFOPLIST_FILE = CupOfJoyTests/Info.plist;
				IPHONEOS_DEPLOYMENT_TARGET = 14.5;
				LD_RUNPATH_SEARCH_PATHS = (
					"$(inherited)",
					"@executable_path/Frameworks",
					"@loader_path/Frameworks",
				);
				PRODUCT_BUNDLE_IDENTIFIER = cs4621.CupOfJoyTests;
				PRODUCT_NAME = "$(TARGET_NAME)";
				SWIFT_VERSION = 5.0;
				TARGETED_DEVICE_FAMILY = "1,2";
				TEST_HOST = "$(BUILT_PRODUCTS_DIR)/CupOfJoy.app/CupOfJoy";
			};
			name = Debug;
		};
		5560117026E6E7CE006006BD /* Release */ = {
			isa = XCBuildConfiguration;
			baseConfigurationReference = 0C1B169EDA3061FCC8429AC3 /* Pods-CupOfJoyTests.release.xcconfig */;
			buildSettings = {
				ALWAYS_EMBED_SWIFT_STANDARD_LIBRARIES = YES;
				BUNDLE_LOADER = "$(TEST_HOST)";
				CODE_SIGN_STYLE = Automatic;
				DEVELOPMENT_TEAM = D5CH9Q64WC;
				INFOPLIST_FILE = CupOfJoyTests/Info.plist;
				IPHONEOS_DEPLOYMENT_TARGET = 14.5;
				LD_RUNPATH_SEARCH_PATHS = (
					"$(inherited)",
					"@executable_path/Frameworks",
					"@loader_path/Frameworks",
				);
				PRODUCT_BUNDLE_IDENTIFIER = cs4621.CupOfJoyTests;
				PRODUCT_NAME = "$(TARGET_NAME)";
				SWIFT_VERSION = 5.0;
				TARGETED_DEVICE_FAMILY = "1,2";
				TEST_HOST = "$(BUILT_PRODUCTS_DIR)/CupOfJoy.app/CupOfJoy";
			};
			name = Release;
		};
		5560117226E6E7CE006006BD /* Debug */ = {
			isa = XCBuildConfiguration;
			baseConfigurationReference = 75B2C791F66D7D28A46713FF /* Pods-CupOfJoy-CupOfJoyUITests.debug.xcconfig */;
			buildSettings = {
				ALWAYS_EMBED_SWIFT_STANDARD_LIBRARIES = YES;
				CODE_SIGN_STYLE = Automatic;
				DEVELOPMENT_TEAM = D5CH9Q64WC;
				INFOPLIST_FILE = CupOfJoyUITests/Info.plist;
				LD_RUNPATH_SEARCH_PATHS = (
					"$(inherited)",
					"@executable_path/Frameworks",
					"@loader_path/Frameworks",
				);
				PRODUCT_BUNDLE_IDENTIFIER = cs4621.CupOfJoyUITests;
				PRODUCT_NAME = "$(TARGET_NAME)";
				SWIFT_VERSION = 5.0;
				TARGETED_DEVICE_FAMILY = "1,2";
				TEST_TARGET_NAME = CupOfJoy;
			};
			name = Debug;
		};
		5560117326E6E7CE006006BD /* Release */ = {
			isa = XCBuildConfiguration;
			baseConfigurationReference = 7691BE60891773AD4D216D1E /* Pods-CupOfJoy-CupOfJoyUITests.release.xcconfig */;
			buildSettings = {
				ALWAYS_EMBED_SWIFT_STANDARD_LIBRARIES = YES;
				CODE_SIGN_STYLE = Automatic;
				DEVELOPMENT_TEAM = D5CH9Q64WC;
				INFOPLIST_FILE = CupOfJoyUITests/Info.plist;
				LD_RUNPATH_SEARCH_PATHS = (
					"$(inherited)",
					"@executable_path/Frameworks",
					"@loader_path/Frameworks",
				);
				PRODUCT_BUNDLE_IDENTIFIER = cs4621.CupOfJoyUITests;
				PRODUCT_NAME = "$(TARGET_NAME)";
				SWIFT_VERSION = 5.0;
				TARGETED_DEVICE_FAMILY = "1,2";
				TEST_TARGET_NAME = CupOfJoy;
			};
			name = Release;
		};
/* End XCBuildConfiguration section */

/* Begin XCConfigurationList section */
		5560113C26E6E7CB006006BD /* Build configuration list for PBXProject "CupOfJoy" */ = {
			isa = XCConfigurationList;
			buildConfigurations = (
				5560116926E6E7CE006006BD /* Debug */,
				5560116A26E6E7CE006006BD /* Release */,
			);
			defaultConfigurationIsVisible = 0;
			defaultConfigurationName = Release;
		};
		5560116B26E6E7CE006006BD /* Build configuration list for PBXNativeTarget "CupOfJoy" */ = {
			isa = XCConfigurationList;
			buildConfigurations = (
				5560116C26E6E7CE006006BD /* Debug */,
				5560116D26E6E7CE006006BD /* Release */,
			);
			defaultConfigurationIsVisible = 0;
			defaultConfigurationName = Release;
		};
		5560116E26E6E7CE006006BD /* Build configuration list for PBXNativeTarget "CupOfJoyTests" */ = {
			isa = XCConfigurationList;
			buildConfigurations = (
				5560116F26E6E7CE006006BD /* Debug */,
				5560117026E6E7CE006006BD /* Release */,
			);
			defaultConfigurationIsVisible = 0;
			defaultConfigurationName = Release;
		};
		5560117126E6E7CE006006BD /* Build configuration list for PBXNativeTarget "CupOfJoyUITests" */ = {
			isa = XCConfigurationList;
			buildConfigurations = (
				5560117226E6E7CE006006BD /* Debug */,
				5560117326E6E7CE006006BD /* Release */,
			);
			defaultConfigurationIsVisible = 0;
			defaultConfigurationName = Release;
		};
/* End XCConfigurationList section */
	};
	rootObject = 5560113926E6E7CB006006BD /* Project object */;
}
